
Microsoft Visual Studio Solution File, Format Version 12.00
# Visual Studio Version 17
VisualStudioVersion = 17.3.32901.215
MinimumVisualStudioVersion = 10.0.40219.1
Project("{9A19103F-16F7-4668-BE54-9A1E7A4F7556}") = "tra_kro_identity_", "tra_kro_identity_.csproj", "{4117A45B-B327-446C-8ECA-D61A4A44DDE9}"
EndProject
Global
	GlobalSection(SolutionConfigurationPlatforms) = preSolution
		Debug|Any CPU = Debug|Any CPU
		Release|Any CPU = Release|Any CPU
	EndGlobalSection
	GlobalSection(ProjectConfigurationPlatforms) = postSolution
		{4117A45B-B327-446C-8ECA-D61A4A44DDE9}.Debug|Any CPU.ActiveCfg = Debug|Any CPU
		{4117A45B-B327-446C-8ECA-D61A4A44DDE9}.Debug|Any CPU.Build.0 = Debug|Any CPU
		{4117A45B-B327-446C-8ECA-D61A4A44DDE9}.Release|Any CPU.ActiveCfg = Release|Any CPU
		{4117A45B-B327-446C-8ECA-D61A4A44DDE9}.Release|Any CPU.Build.0 = Release|Any CPU
	EndGlobalSection
	GlobalSection(SolutionProperties) = preSolution
		HideSolutionNode = FALSE
	EndGlobalSection
	GlobalSection(ExtensibilityGlobals) = postSolution
		SolutionGuid = {DB41F561-6392-45E7-B73B-959AE7DFF0C9}
	EndGlobalSection
EndGlobal
